// !$*UTF8*$!
{
	archiveVersion = 1;
	classes = {
	};
	objectVersion = 48;
	objects = {

/* Begin PBXBuildFile section */
		C2ED57BB1FCA01FA0095F2F8 /* AppDelegate.swift in Sources */ = {isa = PBXBuildFile; fileRef = C2ED57BA1FCA01FA0095F2F8 /* AppDelegate.swift */; };
		C2ED57BD1FCA01FA0095F2F8 /* ViewController.swift in Sources */ = {isa = PBXBuildFile; fileRef = C2ED57BC1FCA01FA0095F2F8 /* ViewController.swift */; };
		C2ED57C01FCA01FA0095F2F8 /* Main.storyboard in Resources */ = {isa = PBXBuildFile; fileRef = C2ED57BE1FCA01FA0095F2F8 /* Main.storyboard */; };
		C2ED57C31FCA01FA0095F2F8 /* TheImagePicker.xcdatamodeld in Sources */ = {isa = PBXBuildFile; fileRef = C2ED57C11FCA01FA0095F2F8 /* TheImagePicker.xcdatamodeld */; };
		C2ED57C51FCA01FA0095F2F8 /* Assets.xcassets in Resources */ = {isa = PBXBuildFile; fileRef = C2ED57C41FCA01FA0095F2F8 /* Assets.xcassets */; };
		C2ED57C81FCA01FA0095F2F8 /* LaunchScreen.storyboard in Resources */ = {isa = PBXBuildFile; fileRef = C2ED57C61FCA01FA0095F2F8 /* LaunchScreen.storyboard */; };
		C2ED57D31FCA01FB0095F2F8 /* TheImagePickerTests.swift in Sources */ = {isa = PBXBuildFile; fileRef = C2ED57D21FCA01FB0095F2F8 /* TheImagePickerTests.swift */; };
		C2ED57DE1FCA01FB0095F2F8 /* TheImagePickerUITests.swift in Sources */ = {isa = PBXBuildFile; fileRef = C2ED57DD1FCA01FB0095F2F8 /* TheImagePickerUITests.swift */; };
/* End PBXBuildFile section */

/* Begin PBXContainerItemProxy section */
		C2ED57CF1FCA01FB0095F2F8 /* PBXContainerItemProxy */ = {
			isa = PBXContainerItemProxy;
			containerPortal = C2ED57AF1FCA01FA0095F2F8 /* Project object */;
			proxyType = 1;
			remoteGlobalIDString = C2ED57B61FCA01FA0095F2F8;
			remoteInfo = TheImagePicker;
		};
		C2ED57DA1FCA01FB0095F2F8 /* PBXContainerItemProxy */ = {
			isa = PBXContainerItemProxy;
			containerPortal = C2ED57AF1FCA01FA0095F2F8 /* Project object */;
			proxyType = 1;
			remoteGlobalIDString = C2ED57B61FCA01FA0095F2F8;
			remoteInfo = TheImagePicker;
		};
/* End PBXContainerItemProxy section */

/* Begin PBXFileReference section */
		C2ED57B71FCA01FA0095F2F8 /* TheImagePicker.app */ = {isa = PBXFileReference; explicitFileType = wrapper.application; includeInIndex = 0; path = TheImagePicker.app; sourceTree = BUILT_PRODUCTS_DIR; };
		C2ED57BA1FCA01FA0095F2F8 /* AppDelegate.swift */ = {isa = PBXFileReference; lastKnownFileType = sourcecode.swift; path = AppDelegate.swift; sourceTree = "<group>"; };
		C2ED57BC1FCA01FA0095F2F8 /* ViewController.swift */ = {isa = PBXFileReference; lastKnownFileType = sourcecode.swift; path = ViewController.swift; sourceTree = "<group>"; };
		C2ED57BF1FCA01FA0095F2F8 /* Base */ = {isa = PBXFileReference; lastKnownFileType = file.storyboard; name = Base; path = Base.lproj/Main.storyboard; sourceTree = "<group>"; };
		C2ED57C21FCA01FA0095F2F8 /* TheImagePicker.xcdatamodel */ = {isa = PBXFileReference; lastKnownFileType = wrapper.xcdatamodel; path = TheImagePicker.xcdatamodel; sourceTree = "<group>"; };
		C2ED57C41FCA01FA0095F2F8 /* Assets.xcassets */ = {isa = PBXFileReference; lastKnownFileType = folder.assetcatalog; path = Assets.xcassets; sourceTree = "<group>"; };
		C2ED57C71FCA01FA0095F2F8 /* Base */ = {isa = PBXFileReference; lastKnownFileType = file.storyboard; name = Base; path = Base.lproj/LaunchScreen.storyboard; sourceTree = "<group>"; };
		C2ED57C91FCA01FA0095F2F8 /* Info.plist */ = {isa = PBXFileReference; lastKnownFileType = text.plist.xml; path = Info.plist; sourceTree = "<group>"; };
		C2ED57CE1FCA01FB0095F2F8 /* TheImagePickerTests.xctest */ = {isa = PBXFileReference; explicitFileType = wrapper.cfbundle; includeInIndex = 0; path = TheImagePickerTests.xctest; sourceTree = BUILT_PRODUCTS_DIR; };
		C2ED57D21FCA01FB0095F2F8 /* TheImagePickerTests.swift */ = {isa = PBXFileReference; lastKnownFileType = sourcecode.swift; path = TheImagePickerTests.swift; sourceTree = "<group>"; };
		C2ED57D41FCA01FB0095F2F8 /* Info.plist */ = {isa = PBXFileReference; lastKnownFileType = text.plist.xml; path = Info.plist; sourceTree = "<group>"; };
		C2ED57D91FCA01FB0095F2F8 /* TheImagePickerUITests.xctest */ = {isa = PBXFileReference; explicitFileType = wrapper.cfbundle; includeInIndex = 0; path = TheImagePickerUITests.xctest; sourceTree = BUILT_PRODUCTS_DIR; };
		C2ED57DD1FCA01FB0095F2F8 /* TheImagePickerUITests.swift */ = {isa = PBXFileReference; lastKnownFileType = sourcecode.swift; path = TheImagePickerUITests.swift; sourceTree = "<group>"; };
		C2ED57DF1FCA01FB0095F2F8 /* Info.plist */ = {isa = PBXFileReference; lastKnownFileType = text.plist.xml; path = Info.plist; sourceTree = "<group>"; };
/* End PBXFileReference section */

/* Begin PBXFrameworksBuildPhase section */
		C2ED57B41FCA01FA0095F2F8 /* Frameworks */ = {
			isa = PBXFrameworksBuildPhase;
			buildActionMask = 2147483647;
			files = (
			);
			runOnlyForDeploymentPostprocessing = 0;
		};
		C2ED57CB1FCA01FB0095F2F8 /* Frameworks */ = {
			isa = PBXFrameworksBuildPhase;
			buildActionMask = 2147483647;
			files = (
			);
			runOnlyForDeploymentPostprocessing = 0;
		};
		C2ED57D61FCA01FB0095F2F8 /* Frameworks */ = {
			isa = PBXFrameworksBuildPhase;
			buildActionMask = 2147483647;
			files = (
			);
			runOnlyForDeploymentPostprocessing = 0;
		};
/* End PBXFrameworksBuildPhase section */

/* Begin PBXGroup section */
		C2ED57AE1FCA01FA0095F2F8 = {
			isa = PBXGroup;
			children = (
				C2ED57B91FCA01FA0095F2F8 /* TheImagePicker */,
				C2ED57D11FCA01FB0095F2F8 /* TheImagePickerTests */,
				C2ED57DC1FCA01FB0095F2F8 /* TheImagePickerUITests */,
				C2ED57B81FCA01FA0095F2F8 /* Products */,
			);
			sourceTree = "<group>";
		};
		C2ED57B81FCA01FA0095F2F8 /* Products */ = {
			isa = PBXGroup;
			children = (
				C2ED57B71FCA01FA0095F2F8 /* TheImagePicker.app */,
				C2ED57CE1FCA01FB0095F2F8 /* TheImagePickerTests.xctest */,
				C2ED57D91FCA01FB0095F2F8 /* TheImagePickerUITests.xctest */,
			);
			name = Products;
			sourceTree = "<group>";
		};
		C2ED57B91FCA01FA0095F2F8 /* TheImagePicker */ = {
			isa = PBXGroup;
			children = (
				C2ED57BA1FCA01FA0095F2F8 /* AppDelegate.swift */,
				C2ED57BC1FCA01FA0095F2F8 /* ViewController.swift */,
				C2ED57BE1FCA01FA0095F2F8 /* Main.storyboard */,
				C2ED57C41FCA01FA0095F2F8 /* Assets.xcassets */,
				C2ED57C61FCA01FA0095F2F8 /* LaunchScreen.storyboard */,
				C2ED57C91FCA01FA0095F2F8 /* Info.plist */,
				C2ED57C11FCA01FA0095F2F8 /* TheImagePicker.xcdatamodeld */,
			);
			path = TheImagePicker;
			sourceTree = "<group>";
		};
		C2ED57D11FCA01FB0095F2F8 /* TheImagePickerTests */ = {
			isa = PBXGroup;
			children = (
				C2ED57D21FCA01FB0095F2F8 /* TheImagePickerTests.swift */,
				C2ED57D41FCA01FB0095F2F8 /* Info.plist */,
			);
			path = TheImagePickerTests;
			sourceTree = "<group>";
		};
		C2ED57DC1FCA01FB0095F2F8 /* TheImagePickerUITests */ = {
			isa = PBXGroup;
			children = (
				C2ED57DD1FCA01FB0095F2F8 /* TheImagePickerUITests.swift */,
				C2ED57DF1FCA01FB0095F2F8 /* Info.plist */,
			);
			path = TheImagePickerUITests;
			sourceTree = "<group>";
		};
/* End PBXGroup section */

/* Begin PBXNativeTarget section */
		C2ED57B61FCA01FA0095F2F8 /* TheImagePicker */ = {
			isa = PBXNativeTarget;
			buildConfigurationList = C2ED57E21FCA01FB0095F2F8 /* Build configuration list for PBXNativeTarget "TheImagePicker" */;
			buildPhases = (
				C2ED57B31FCA01FA0095F2F8 /* Sources */,
				C2ED57B41FCA01FA0095F2F8 /* Frameworks */,
				C2ED57B51FCA01FA0095F2F8 /* Resources */,
			);
			buildRules = (
			);
			dependencies = (
			);
			name = TheImagePicker;
			productName = TheImagePicker;
			productReference = C2ED57B71FCA01FA0095F2F8 /* TheImagePicker.app */;
			productType = "com.apple.product-type.application";
		};
		C2ED57CD1FCA01FB0095F2F8 /* TheImagePickerTests */ = {
			isa = PBXNativeTarget;
			buildConfigurationList = C2ED57E51FCA01FB0095F2F8 /* Build configuration list for PBXNativeTarget "TheImagePickerTests" */;
			buildPhases = (
				C2ED57CA1FCA01FB0095F2F8 /* Sources */,
				C2ED57CB1FCA01FB0095F2F8 /* Frameworks */,
				C2ED57CC1FCA01FB0095F2F8 /* Resources */,
			);
			buildRules = (
			);
			dependencies = (
				C2ED57D01FCA01FB0095F2F8 /* PBXTargetDependency */,
			);
			name = TheImagePickerTests;
			productName = TheImagePickerTests;
			productReference = C2ED57CE1FCA01FB0095F2F8 /* TheImagePickerTests.xctest */;
			productType = "com.apple.product-type.bundle.unit-test";
		};
		C2ED57D81FCA01FB0095F2F8 /* TheImagePickerUITests */ = {
			isa = PBXNativeTarget;
			buildConfigurationList = C2ED57E81FCA01FB0095F2F8 /* Build configuration list for PBXNativeTarget "TheImagePickerUITests" */;
			buildPhases = (
				C2ED57D51FCA01FB0095F2F8 /* Sources */,
				C2ED57D61FCA01FB0095F2F8 /* Frameworks */,
				C2ED57D71FCA01FB0095F2F8 /* Resources */,
			);
			buildRules = (
			);
			dependencies = (
				C2ED57DB1FCA01FB0095F2F8 /* PBXTargetDependency */,
			);
			name = TheImagePickerUITests;
			productName = TheImagePickerUITests;
			productReference = C2ED57D91FCA01FB0095F2F8 /* TheImagePickerUITests.xctest */;
			productType = "com.apple.product-type.bundle.ui-testing";
		};
/* End PBXNativeTarget section */

/* Begin PBXProject section */
		C2ED57AF1FCA01FA0095F2F8 /* Project object */ = {
			isa = PBXProject;
			attributes = {
				LastSwiftUpdateCheck = 0910;
				LastUpgradeCheck = 0910;
				ORGANIZATIONNAME = VdThatte;
				TargetAttributes = {
					C2ED57B61FCA01FA0095F2F8 = {
						CreatedOnToolsVersion = 9.1;
						ProvisioningStyle = Automatic;
					};
					C2ED57CD1FCA01FB0095F2F8 = {
						CreatedOnToolsVersion = 9.1;
						ProvisioningStyle = Automatic;
						TestTargetID = C2ED57B61FCA01FA0095F2F8;
					};
					C2ED57D81FCA01FB0095F2F8 = {
						CreatedOnToolsVersion = 9.1;
						ProvisioningStyle = Automatic;
						TestTargetID = C2ED57B61FCA01FA0095F2F8;
					};
				};
			};
			buildConfigurationList = C2ED57B21FCA01FA0095F2F8 /* Build configuration list for PBXProject "TheImagePicker" */;
			compatibilityVersion = "Xcode 8.0";
			developmentRegion = en;
			hasScannedForEncodings = 0;
			knownRegions = (
				en,
				Base,
			);
			mainGroup = C2ED57AE1FCA01FA0095F2F8;
			productRefGroup = C2ED57B81FCA01FA0095F2F8 /* Products */;
			projectDirPath = "";
			projectRoot = "";
			targets = (
				C2ED57B61FCA01FA0095F2F8 /* TheImagePicker */,
				C2ED57CD1FCA01FB0095F2F8 /* TheImagePickerTests */,
				C2ED57D81FCA01FB0095F2F8 /* TheImagePickerUITests */,
			);
		};
/* End PBXProject section */

/* Begin PBXResourcesBuildPhase section */
		C2ED57B51FCA01FA0095F2F8 /* Resources */ = {
			isa = PBXResourcesBuildPhase;
			buildActionMask = 2147483647;
			files = (
				C2ED57C81FCA01FA0095F2F8 /* LaunchScreen.storyboard in Resources */,
				C2ED57C51FCA01FA0095F2F8 /* Assets.xcassets in Resources */,
				C2ED57C01FCA01FA0095F2F8 /* Main.storyboard in Resources */,
			);
			runOnlyForDeploymentPostprocessing = 0;
		};
		C2ED57CC1FCA01FB0095F2F8 /* Resources */ = {
			isa = PBXResourcesBuildPhase;
			buildActionMask = 2147483647;
			files = (
			);
			runOnlyForDeploymentPostprocessing = 0;
		};
		C2ED57D71FCA01FB0095F2F8 /* Resources */ = {
			isa = PBXResourcesBuildPhase;
			buildActionMask = 2147483647;
			files = (
			);
			runOnlyForDeploymentPostprocessing = 0;
		};
/* End PBXResourcesBuildPhase section */

/* Begin PBXSourcesBuildPhase section */
		C2ED57B31FCA01FA0095F2F8 /* Sources */ = {
			isa = PBXSourcesBuildPhase;
			buildActionMask = 2147483647;
			files = (
				C2ED57C31FCA01FA0095F2F8 /* TheImagePicker.xcdatamodeld in Sources */,
				C2ED57BD1FCA01FA0095F2F8 /* ViewController.swift in Sources */,
				C2ED57BB1FCA01FA0095F2F8 /* AppDelegate.swift in Sources */,
			);
			runOnlyForDeploymentPostprocessing = 0;
		};
		C2ED57CA1FCA01FB0095F2F8 /* Sources */ = {
			isa = PBXSourcesBuildPhase;
			buildActionMask = 2147483647;
			files = (
				C2ED57D31FCA01FB0095F2F8 /* TheImagePickerTests.swift in Sources */,
			);
			runOnlyForDeploymentPostprocessing = 0;
		};
		C2ED57D51FCA01FB0095F2F8 /* Sources */ = {
			isa = PBXSourcesBuildPhase;
			buildActionMask = 2147483647;
			files = (
				C2ED57DE1FCA01FB0095F2F8 /* TheImagePickerUITests.swift in Sources */,
			);
			runOnlyForDeploymentPostprocessing = 0;
		};
/* End PBXSourcesBuildPhase section */

/* Begin PBXTargetDependency section */
		C2ED57D01FCA01FB0095F2F8 /* PBXTargetDependency */ = {
			isa = PBXTargetDependency;
			target = C2ED57B61FCA01FA0095F2F8 /* TheImagePicker */;
			targetProxy = C2ED57CF1FCA01FB0095F2F8 /* PBXContainerItemProxy */;
		};
		C2ED57DB1FCA01FB0095F2F8 /* PBXTargetDependency */ = {
			isa = PBXTargetDependency;
			target = C2ED57B61FCA01FA0095F2F8 /* TheImagePicker */;
			targetProxy = C2ED57DA1FCA01FB0095F2F8 /* PBXContainerItemProxy */;
		};
/* End PBXTargetDependency section */

/* Begin PBXVariantGroup section */
		C2ED57BE1FCA01FA0095F2F8 /* Main.storyboard */ = {
			isa = PBXVariantGroup;
			children = (
				C2ED57BF1FCA01FA0095F2F8 /* Base */,
			);
			name = Main.storyboard;
			sourceTree = "<group>";
		};
		C2ED57C61FCA01FA0095F2F8 /* LaunchScreen.storyboard */ = {
			isa = PBXVariantGroup;
			children = (
				C2ED57C71FCA01FA0095F2F8 /* Base */,
			);
			name = LaunchScreen.storyboard;
			sourceTree = "<group>";
		};
/* End PBXVariantGroup section */

/* Begin XCBuildConfiguration section */
		C2ED57E01FCA01FB0095F2F8 /* Debug */ = {
			isa = XCBuildConfiguration;
			buildSettings = {
				ALWAYS_SEARCH_USER_PATHS = NO;
				CLANG_ANALYZER_NONNULL = YES;
				CLANG_ANALYZER_NUMBER_OBJECT_CONVERSION = YES_AGGRESSIVE;
				CLANG_CXX_LANGUAGE_STANDARD = "gnu++14";
				CLANG_CXX_LIBRARY = "libc++";
				CLANG_ENABLE_MODULES = YES;
				CLANG_ENABLE_OBJC_ARC = YES;
				CLANG_WARN_BLOCK_CAPTURE_AUTORELEASING = YES;
				CLANG_WARN_BOOL_CONVERSION = YES;
				CLANG_WARN_COMMA = YES;
				CLANG_WARN_CONSTANT_CONVERSION = YES;
				CLANG_WARN_DIRECT_OBJC_ISA_USAGE = YES_ERROR;
				CLANG_WARN_DOCUMENTATION_COMMENTS = YES;
				CLANG_WARN_EMPTY_BODY = YES;
				CLANG_WARN_ENUM_CONVERSION = YES;
				CLANG_WARN_INFINITE_RECURSION = YES;
				CLANG_WARN_INT_CONVERSION = YES;
				CLANG_WARN_NON_LITERAL_NULL_CONVERSION = YES;
				CLANG_WARN_OBJC_LITERAL_CONVERSION = YES;
				CLANG_WARN_OBJC_ROOT_CLASS = YES_ERROR;
				CLANG_WARN_RANGE_LOOP_ANALYSIS = YES;
				CLANG_WARN_STRICT_PROTOTYPES = YES;
				CLANG_WARN_SUSPICIOUS_MOVE = YES;
				CLANG_WARN_UNGUARDED_AVAILABILITY = YES_AGGRESSIVE;
				CLANG_WARN_UNREACHABLE_CODE = YES;
				CLANG_WARN__DUPLICATE_METHOD_MATCH = YES;
				CODE_SIGN_IDENTITY = "iPhone Developer";
				COPY_PHASE_STRIP = NO;
				DEBUG_INFORMATION_FORMAT = dwarf;
				ENABLE_STRICT_OBJC_MSGSEND = YES;
				ENABLE_TESTABILITY = YES;
				GCC_C_LANGUAGE_STANDARD = gnu11;
				GCC_DYNAMIC_NO_PIC = NO;
				GCC_NO_COMMON_BLOCKS = YES;
				GCC_OPTIMIZATION_LEVEL = 0;
				GCC_PREPROCESSOR_DEFINITIONS = (
					"DEBUG=1",
					"$(inherited)",
				);
				GCC_WARN_64_TO_32_BIT_CONVERSION = YES;
				GCC_WARN_ABOUT_RETURN_TYPE = YES_ERROR;
				GCC_WARN_UNDECLARED_SELECTOR = YES;
				GCC_WARN_UNINITIALIZED_AUTOS = YES_AGGRESSIVE;
				GCC_WARN_UNUSED_FUNCTION = YES;
				GCC_WARN_UNUSED_VARIABLE = YES;
				IPHONEOS_DEPLOYMENT_TARGET = 11.1;
				MTL_ENABLE_DEBUG_INFO = YES;
				ONLY_ACTIVE_ARCH = YES;
				SDKROOT = iphoneos;
				SWIFT_ACTIVE_COMPILATION_CONDITIONS = DEBUG;
				SWIFT_OPTIMIZATION_LEVEL = "-Onone";
			};
			name = Debug;
		};
		C2ED57E11FCA01FB0095F2F8 /* Release */ = {
			isa = XCBuildConfiguration;
			buildSettings = {
				ALWAYS_SEARCH_USER_PATHS = NO;
				CLANG_ANALYZER_NONNULL = YES;
				CLANG_ANALYZER_NUMBER_OBJECT_CONVERSION = YES_AGGRESSIVE;
				CLANG_CXX_LANGUAGE_STANDARD = "gnu++14";
				CLANG_CXX_LIBRARY = "libc++";
				CLANG_ENABLE_MODULES = YES;
				CLANG_ENABLE_OBJC_ARC = YES;
				CLANG_WARN_BLOCK_CAPTURE_AUTORELEASING = YES;
				CLANG_WARN_BOOL_CONVERSION = YES;
				CLANG_WARN_COMMA = YES;
				CLANG_WARN_CONSTANT_CONVERSION = YES;
				CLANG_WARN_DIRECT_OBJC_ISA_USAGE = YES_ERROR;
				CLANG_WARN_DOCUMENTATION_COMMENTS = YES;
				CLANG_WARN_EMPTY_BODY = YES;
				CLANG_WARN_ENUM_CONVERSION = YES;
				CLANG_WARN_INFINITE_RECURSION = YES;
				CLANG_WARN_INT_CONVERSION = YES;
				CLANG_WARN_NON_LITERAL_NULL_CONVERSION = YES;
				CLANG_WARN_OBJC_LITERAL_CONVERSION = YES;
				CLANG_WARN_OBJC_ROOT_CLASS = YES_ERROR;
				CLANG_WARN_RANGE_LOOP_ANALYSIS = YES;
				CLANG_WARN_STRICT_PROTOTYPES = YES;
				CLANG_WARN_SUSPICIOUS_MOVE = YES;
				CLANG_WARN_UNGUARDED_AVAILABILITY = YES_AGGRESSIVE;
				CLANG_WARN_UNREACHABLE_CODE = YES;
				CLANG_WARN__DUPLICATE_METHOD_MATCH = YES;
				CODE_SIGN_IDENTITY = "iPhone Developer";
				COPY_PHASE_STRIP = NO;
				DEBUG_INFORMATION_FORMAT = "dwarf-with-dsym";
				ENABLE_NS_ASSERTIONS = NO;
				ENABLE_STRICT_OBJC_MSGSEND = YES;
				GCC_C_LANGUAGE_STANDARD = gnu11;
				GCC_NO_COMMON_BLOCKS = YES;
				GCC_WARN_64_TO_32_BIT_CONVERSION = YES;
				GCC_WARN_ABOUT_RETURN_TYPE = YES_ERROR;
				GCC_WARN_UNDECLARED_SELECTOR = YES;
				GCC_WARN_UNINITIALIZED_AUTOS = YES_AGGRESSIVE;
				GCC_WARN_UNUSED_FUNCTION = YES;
				GCC_WARN_UNUSED_VARIABLE = YES;
				IPHONEOS_DEPLOYMENT_TARGET = 11.1;
				MTL_ENABLE_DEBUG_INFO = NO;
				SDKROOT = iphoneos;
				SWIFT_OPTIMIZATION_LEVEL = "-Owholemodule";
				VALIDATE_PRODUCT = YES;
			};
			name = Release;
		};
		C2ED57E31FCA01FB0095F2F8 /* Debug */ = {
			isa = XCBuildConfiguration;
			buildSettings = {
				ASSETCATALOG_COMPILER_APPICON_NAME = AppIcon;
				CODE_SIGN_STYLE = Automatic;
				DEVELOPMENT_TEAM = 24FC2K35CZ;
				INFOPLIST_FILE = TheImagePicker/Info.plist;
				LD_RUNPATH_SEARCH_PATHS = "$(inherited) @executable_path/Frameworks";
				PRODUCT_BUNDLE_IDENTIFIER = vdthatte.TheImagePicker;
				PRODUCT_NAME = "$(TARGET_NAME)";
				SWIFT_VERSION = 4.0;
				TARGETED_DEVICE_FAMILY = "1,2";
			};
			name = Debug;
		};
		C2ED57E41FCA01FB0095F2F8 /* Release */ = {
			isa = XCBuildConfiguration;
			buildSettings = {
				ASSETCATALOG_COMPILER_APPICON_NAME = AppIcon;
				CODE_SIGN_STYLE = Automatic;
				DEVELOPMENT_TEAM = 24FC2K35CZ;
				INFOPLIST_FILE = TheImagePicker/Info.plist;
				LD_RUNPATH_SEARCH_PATHS = "$(inherited) @executable_path/Frameworks";
				PRODUCT_BUNDLE_IDENTIFIER = vdthatte.TheImagePicker;
				PRODUCT_NAME = "$(TARGET_NAME)";
				SWIFT_VERSION = 4.0;
				TARGETED_DEVICE_FAMILY = "1,2";
			};
			name = Release;
		};
		C2ED57E61FCA01FB0095F2F8 /* Debug */ = {
			isa = XCBuildConfiguration;
			buildSettings = {
				ALWAYS_EMBED_SWIFT_STANDARD_LIBRARIES = YES;
				BUNDLE_LOADER = "$(TEST_HOST)";
				CODE_SIGN_STYLE = Automatic;
				DEVELOPMENT_TEAM = 24FC2K35CZ;
				INFOPLIST_FILE = TheImagePickerTests/Info.plist;
				LD_RUNPATH_SEARCH_PATHS = "$(inherited) @executable_path/Frameworks @loader_path/Frameworks";
				PRODUCT_BUNDLE_IDENTIFIER = vdthatte.TheImagePickerTests;
				PRODUCT_NAME = "$(TARGET_NAME)";
				SWIFT_VERSION = 4.0;
				TARGETED_DEVICE_FAMILY = "1,2";
				TEST_HOST = "$(BUILT_PRODUCTS_DIR)/TheImagePicker.app/TheImagePicker";
			};
			name = Debug;
		};
		C2ED57E71FCA01FB0095F2F8 /* Release */ = {
			isa = XCBuildConfiguration;
			buildSettings = {
				ALWAYS_EMBED_SWIFT_STANDARD_LIBRARIES = YES;
				BUNDLE_LOADER = "$(TEST_HOST)";
				CODE_SIGN_STYLE = Automatic;
				DEVELOPMENT_TEAM = 24FC2K35CZ;
				INFOPLIST_FILE = TheImagePickerTests/Info.plist;
				LD_RUNPATH_SEARCH_PATHS = "$(inherited) @executable_path/Frameworks @loader_path/Frameworks";
				PRODUCT_BUNDLE_IDENTIFIER = vdthatte.TheImagePickerTests;
				PRODUCT_NAME = "$(TARGET_NAME)";
				SWIFT_VERSION = 4.0;
				TARGETED_DEVICE_FAMILY = "1,2";
				TEST_HOST = "$(BUILT_PRODUCTS_DIR)/TheImagePicker.app/TheImagePicker";
			};
			name = Release;
		};
		C2ED57E91FCA01FB0095F2F8 /* Debug */ = {
			isa = XCBuildConfiguration;
			buildSettings = {
				ALWAYS_EMBED_SWIFT_STANDARD_LIBRARIES = YES;
				CODE_SIGN_STYLE = Automatic;
				DEVELOPMENT_TEAM = 24FC2K35CZ;
				INFOPLIST_FILE = TheImagePickerUITests/Info.plist;
				LD_RUNPATH_SEARCH_PATHS = "$(inherited) @executable_path/Frameworks @loader_path/Frameworks";
				PRODUCT_BUNDLE_IDENTIFIER = vdthatte.TheImagePickerUITests;
				PRODUCT_NAME = "$(TARGET_NAME)";
				SWIFT_VERSION = 4.0;
				TARGETED_DEVICE_FAMILY = "1,2";
				TEST_TARGET_NAME = TheImagePicker;
			};
			name = Debug;
		};
		C2ED57EA1FCA01FB0095F2F8 /* Release */ = {
			isa = XCBuildConfiguration;
			buildSettings = {
				ALWAYS_EMBED_SWIFT_STANDARD_LIBRARIES = YES;
				CODE_SIGN_STYLE = Automatic;
				DEVELOPMENT_TEAM = 24FC2K35CZ;
				INFOPLIST_FILE = TheImagePickerUITests/Info.plist;
				LD_RUNPATH_SEARCH_PATHS = "$(inherited) @executable_path/Frameworks @loader_path/Frameworks";
				PRODUCT_BUNDLE_IDENTIFIER = vdthatte.TheImagePickerUITests;
				PRODUCT_NAME = "$(TARGET_NAME)";
				SWIFT_VERSION = 4.0;
				TARGETED_DEVICE_FAMILY = "1,2";
				TEST_TARGET_NAME = TheImagePicker;
			};
			name = Release;
		};
/* End XCBuildConfiguration section */

/* Begin XCConfigurationList section */
		C2ED57B21FCA01FA0095F2F8 /* Build configuration list for PBXProject "TheImagePicker" */ = {
			isa = XCConfigurationList;
			buildConfigurations = (
				C2ED57E01FCA01FB0095F2F8 /* Debug */,
				C2ED57E11FCA01FB0095F2F8 /* Release */,
			);
			defaultConfigurationIsVisible = 0;
			defaultConfigurationName = Release;
		};
		C2ED57E21FCA01FB0095F2F8 /* Build configuration list for PBXNativeTarget "TheImagePicker" */ = {
			isa = XCConfigurationList;
			buildConfigurations = (
				C2ED57E31FCA01FB0095F2F8 /* Debug */,
				C2ED57E41FCA01FB0095F2F8 /* Release */,
			);
			defaultConfigurationIsVisible = 0;
			defaultConfigurationName = Release;
		};
		C2ED57E51FCA01FB0095F2F8 /* Build configuration list for PBXNativeTarget "TheImagePickerTests" */ = {
			isa = XCConfigurationList;
			buildConfigurations = (
				C2ED57E61FCA01FB0095F2F8 /* Debug */,
				C2ED57E71FCA01FB0095F2F8 /* Release */,
			);
			defaultConfigurationIsVisible = 0;
			defaultConfigurationName = Release;
		};
		C2ED57E81FCA01FB0095F2F8 /* Build configuration list for PBXNativeTarget "TheImagePickerUITests" */ = {
			isa = XCConfigurationList;
			buildConfigurations = (
				C2ED57E91FCA01FB0095F2F8 /* Debug */,
				C2ED57EA1FCA01FB0095F2F8 /* Release */,
			);
			defaultConfigurationIsVisible = 0;
			defaultConfigurationName = Release;
		};
/* End XCConfigurationList section */

/* Begin XCVersionGroup section */
		C2ED57C11FCA01FA0095F2F8 /* TheImagePicker.xcdatamodeld */ = {
			isa = XCVersionGroup;
			children = (
				C2ED57C21FCA01FA0095F2F8 /* TheImagePicker.xcdatamodel */,
			);
			currentVersion = C2ED57C21FCA01FA0095F2F8 /* TheImagePicker.xcdatamodel */;
			path = TheImagePicker.xcdatamodeld;
			sourceTree = "<group>";
			versionGroupType = wrapper.xcdatamodel;
		};
/* End XCVersionGroup section */
	};
	rootObject = C2ED57AF1FCA01FA0095F2F8 /* Project object */;
}
